
Microsoft Visual Studio Solution File, Format Version 12.00
# Visual Studio Version 16
VisualStudioVersion = 16.0.30413.136
MinimumVisualStudioVersion = 10.0.40219.1
Project("{FAE04EC0-301F-11D3-BF4B-00C04F79EFBC}") = "devboost.challengeday.Domain", "devboost.challengeday.Domain\devboost.challengeday.Domain.csproj", "{8BEC7886-5760-438B-A77E-98AA353CC0B6}"
EndProject
Project("{FAE04EC0-301F-11D3-BF4B-00C04F79EFBC}") = "devboost.challengeday.Infra", "devboost.challengeday.Infra\devboost.challengeday.Infra.csproj", "{1071E1C8-BB12-4889-8D71-F5D3D5FAA991}"
EndProject
Project("{FAE04EC0-301F-11D3-BF4B-00C04F79EFBC}") = "devboost.challengeday.API", "devboost.challengeday.API\devboost.challengeday.API.csproj", "{A0F2D733-5975-4D87-A5DD-B21FBE7A46AA}"
EndProject
Global
	GlobalSection(SolutionConfigurationPlatforms) = preSolution
		Debug|Any CPU = Debug|Any CPU
		Release|Any CPU = Release|Any CPU
	EndGlobalSection
	GlobalSection(ProjectConfigurationPlatforms) = postSolution
		{8BEC7886-5760-438B-A77E-98AA353CC0B6}.Debug|Any CPU.ActiveCfg = Debug|Any CPU
		{8BEC7886-5760-438B-A77E-98AA353CC0B6}.Debug|Any CPU.Build.0 = Debug|Any CPU
		{8BEC7886-5760-438B-A77E-98AA353CC0B6}.Release|Any CPU.ActiveCfg = Release|Any CPU
		{8BEC7886-5760-438B-A77E-98AA353CC0B6}.Release|Any CPU.Build.0 = Release|Any CPU
		{1071E1C8-BB12-4889-8D71-F5D3D5FAA991}.Debug|Any CPU.ActiveCfg = Debug|Any CPU
		{1071E1C8-BB12-4889-8D71-F5D3D5FAA991}.Debug|Any CPU.Build.0 = Debug|Any CPU
		{1071E1C8-BB12-4889-8D71-F5D3D5FAA991}.Release|Any CPU.ActiveCfg = Release|Any CPU
		{1071E1C8-BB12-4889-8D71-F5D3D5FAA991}.Release|Any CPU.Build.0 = Release|Any CPU
		{A0F2D733-5975-4D87-A5DD-B21FBE7A46AA}.Debug|Any CPU.ActiveCfg = Debug|Any CPU
		{A0F2D733-5975-4D87-A5DD-B21FBE7A46AA}.Debug|Any CPU.Build.0 = Debug|Any CPU
		{A0F2D733-5975-4D87-A5DD-B21FBE7A46AA}.Release|Any CPU.ActiveCfg = Release|Any CPU
		{A0F2D733-5975-4D87-A5DD-B21FBE7A46AA}.Release|Any CPU.Build.0 = Release|Any CPU
	EndGlobalSection
	GlobalSection(SolutionProperties) = preSolution
		HideSolutionNode = FALSE
	EndGlobalSection
	GlobalSection(ExtensibilityGlobals) = postSolution
		SolutionGuid = {3A673E55-3750-4738-941A-F2A493158FE1}
	EndGlobalSection
EndGlobal
